
Microsoft Visual Studio Solution File, Format Version 12.00
# Visual Studio Version 17
VisualStudioVersion = 17.10.35122.118
MinimumVisualStudioVersion = 10.0.40219.1
Project("{2150E333-8FDC-42A3-9474-1A3956D46DE8}") = "Frontend", "Frontend", "{74B20B75-0D85-4C1A-B1D3-7C6C3421DA62}"
EndProject
Project("{2150E333-8FDC-42A3-9474-1A3956D46DE8}") = "Gateway", "Gateway", "{87949EF4-59BD-45E9-80DD-D82E8359A62E}"
EndProject
Project("{2150E333-8FDC-42A3-9474-1A3956D46DE8}") = "Integration", "Integration", "{29D55CBD-B7A7-4E15-B3D8-4CDD8EFCEFD1}"
EndProject
Project("{2150E333-8FDC-42A3-9474-1A3956D46DE8}") = "Services", "Services", "{F7F23785-C27F-407D-B000-8797CCB04059}"
EndProject
Project("{FAE04EC0-301F-11D3-BF4B-00C04F79EFBC}") = "CouponAPI", "CouponAPI\CouponAPI.csproj", "{3AD763F1-BD92-4444-9FE8-48FE46BC1932}"
EndProject
Global
	GlobalSection(SolutionConfigurationPlatforms) = preSolution
		Debug|Any CPU = Debug|Any CPU
		Release|Any CPU = Release|Any CPU
	EndGlobalSection
	GlobalSection(ProjectConfigurationPlatforms) = postSolution
		{3AD763F1-BD92-4444-9FE8-48FE46BC1932}.Debug|Any CPU.ActiveCfg = Debug|Any CPU
		{3AD763F1-BD92-4444-9FE8-48FE46BC1932}.Debug|Any CPU.Build.0 = Debug|Any CPU
		{3AD763F1-BD92-4444-9FE8-48FE46BC1932}.Release|Any CPU.ActiveCfg = Release|Any CPU
		{3AD763F1-BD92-4444-9FE8-48FE46BC1932}.Release|Any CPU.Build.0 = Release|Any CPU
	EndGlobalSection
	GlobalSection(SolutionProperties) = preSolution
		HideSolutionNode = FALSE
	EndGlobalSection
	GlobalSection(NestedProjects) = preSolution
		{3AD763F1-BD92-4444-9FE8-48FE46BC1932} = {F7F23785-C27F-407D-B000-8797CCB04059}
	EndGlobalSection
	GlobalSection(ExtensibilityGlobals) = postSolution
		SolutionGuid = {66CD0580-EC50-4DF2-98FC-5482740B7BB0}
	EndGlobalSection
EndGlobal
